
Microsoft Visual Studio Solution File, Format Version 12.00
# Visual Studio Version 16
VisualStudioVersion = 16.0.29201.188
MinimumVisualStudioVersion = 10.0.40219.1
Project("{F184B08F-C81C-45F6-A57F-5ABD9991F28F}") = "WindowsApp1", "WindowsApp1\WindowsApp1.vbproj", "{54B9A5B3-1C85-4934-9A4B-A17BB4441780}"
EndProject
Global
	GlobalSection(SolutionConfigurationPlatforms) = preSolution
		Debug|Any CPU = Debug|Any CPU
		Release|Any CPU = Release|Any CPU
	EndGlobalSection
	GlobalSection(ProjectConfigurationPlatforms) = postSolution
		{54B9A5B3-1C85-4934-9A4B-A17BB4441780}.Debug|Any CPU.ActiveCfg = Debug|Any CPU
		{54B9A5B3-1C85-4934-9A4B-A17BB4441780}.Debug|Any CPU.Build.0 = Debug|Any CPU
		{54B9A5B3-1C85-4934-9A4B-A17BB4441780}.Release|Any CPU.ActiveCfg = Release|Any CPU
		{54B9A5B3-1C85-4934-9A4B-A17BB4441780}.Release|Any CPU.Build.0 = Release|Any CPU
	EndGlobalSection
	GlobalSection(SolutionProperties) = preSolution
		HideSolutionNode = FALSE
	EndGlobalSection
	GlobalSection(ExtensibilityGlobals) = postSolution
		SolutionGuid = {1A3796C5-0CA1-4A75-A500-6E825B7D1918}
	EndGlobalSection
EndGlobal
